PODS:
  - Flutter (1.0.0)
  - integration_test (0.0.1):
    - Flutter
  - sy_im_sdk (0.0.1):
    - Flutter
    - SYIM
  - SYIM (0.2.5)

DEPENDENCIES:
  - Flutter (from `Flutter`)
  - integration_test (from `.symlinks/plugins/integration_test/ios`)
  - sy_im_sdk (from `.symlinks/plugins/sy_im_sdk/ios`)

SPEC REPOS:
  trunk:
    - SYIM

EXTERNAL SOURCES:
  Flutter:
    :path: Flutter
  integration_test:
    :path: ".symlinks/plugins/integration_test/ios"
  sy_im_sdk:
    :path: ".symlinks/plugins/sy_im_sdk/ios"

SPEC CHECKSUMS:
  Flutter: e0871f40cf51350855a761d2e70bf5af5b9b5de7
  integration_test: 13825b8a9334a850581300559b8839134b124670
  sy_im_sdk: 77705eb43931276850e86614069df7539cd6ee48
  SYIM: f26fc990b97b27a7a407637d7346bfda80723a27

PODFILE CHECKSUM: 6e700dec67e6deac9b1c69bb14c49a2217a12d15

COCOAPODS: 1.15.2
